
Microsoft Visual Studio Solution File, Format Version 12.00
# Visual Studio Version 17
VisualStudioVersion = 17.0.31919.166
MinimumVisualStudioVersion = 10.0.40219.1
Project("{FAE04EC0-301F-11D3-BF4B-00C04F79EFBC}") = "Lab_2", "Lab_2\Lab_2.csproj", "{72E85D58-8439-4BD0-9226-0A4500338EA4}"
EndProject
Global
	GlobalSection(SolutionConfigurationPlatforms) = preSolution
		Debug|Any CPU = Debug|Any CPU
		Release|Any CPU = Release|Any CPU
	EndGlobalSection
	GlobalSection(ProjectConfigurationPlatforms) = postSolution
		{72E85D58-8439-4BD0-9226-0A4500338EA4}.Debug|Any CPU.ActiveCfg = Debug|Any CPU
		{72E85D58-8439-4BD0-9226-0A4500338EA4}.Debug|Any CPU.Build.0 = Debug|Any CPU
		{72E85D58-8439-4BD0-9226-0A4500338EA4}.Release|Any CPU.ActiveCfg = Release|Any CPU
		{72E85D58-8439-4BD0-9226-0A4500338EA4}.Release|Any CPU.Build.0 = Release|Any CPU
	EndGlobalSection
	GlobalSection(SolutionProperties) = preSolution
		HideSolutionNode = FALSE
	EndGlobalSection
	GlobalSection(ExtensibilityGlobals) = postSolution
		SolutionGuid = {FCA2A03F-0D83-42C0-B435-514B60EEB9B4}
	EndGlobalSection
EndGlobal
